Microsoft Visual Studio Solution File, Format Version 12.00
# Visual Studio Version 17
VisualStudioVersion = 17.5.2.0
MinimumVisualStudioVersion = 10.0.40219.1
Project("{FAE04EC0-301F-11D3-BF4B-00C04F79EFBC}") = "TextRPG - The lost tales of Gunter the hunter", "TextRPG - The lost tales of Gunter the hunter.csproj", "{B9A8DE75-6B00-DAE1-5DBD-1B4FD03A459D}"
EndProject
Global
	GlobalSection(SolutionConfigurationPlatforms) = preSolution
		Debug|Any CPU = Debug|Any CPU
		Release|Any CPU = Release|Any CPU
	EndGlobalSection
	GlobalSection(ProjectConfigurationPlatforms) = postSolution
		{B9A8DE75-6B00-DAE1-5DBD-1B4FD03A459D}.Debug|Any CPU.ActiveCfg = Debug|Any CPU
		{B9A8DE75-6B00-DAE1-5DBD-1B4FD03A459D}.Debug|Any CPU.Build.0 = Debug|Any CPU
		{B9A8DE75-6B00-DAE1-5DBD-1B4FD03A459D}.Release|Any CPU.ActiveCfg = Release|Any CPU
		{B9A8DE75-6B00-DAE1-5DBD-1B4FD03A459D}.Release|Any CPU.Build.0 = Release|Any CPU
	EndGlobalSection
	GlobalSection(SolutionProperties) = preSolution
		HideSolutionNode = FALSE
	EndGlobalSection
	GlobalSection(ExtensibilityGlobals) = postSolution
		SolutionGuid = {762F5F04-2671-4D7E-A621-C22AFA287A71}
	EndGlobalSection
EndGlobal
